github.com/Azure/azure-sdk-for-go/sdk/azcore v1.19.1 h1:5YTBM8QDVIBN3sxBil89WfdAAqDZbyJTgh688DSxX5w=
github.com/Azure/azure-sdk-for-go/sdk/azcore v1.19.1/go.mod h1:YD5h/ldMsG0XiIw7PdyNhLxaM317eFh5yNLccNfGdyw=
github.com/Azure/azure-sdk-for-go/sdk/azidentity v1.13.0 h1:KpMC6LFL7mqpExyMC9jVOYRiVhLmamjeZfRsUpB7l4s=
github.com/Azure/azure-sdk-for-go/sdk/azidentity v1.13.0/go.mod h1:J7MUC/wtRpfGVbQ5sIItY5/FuVWmvzlY21WAOfQnq/I=
github.com/Azure/azure-sdk-for-go/sdk/azidentity/cache v0.3.2 h1:yz1bePFlP5Vws5+8ez6T3HWXPmwOK7Yvq8QxDBD3SKY=
github.com/Azure/azure-sdk-for-go/sdk/azidentity/cache v0.3.2/go.mod h1:Pa9ZNPuoNu/GztvBSKk9J1cDJW6vk/n0zLtV4mgd8N8=
github.com/Azure/azure-sdk-for-go/sdk/internal v1.11.2 h1:9iefClla7iYpfYWdzPCRDozdmndjTm8DXdpCzPajMgA=
github.com/Azure/azure-sdk-for-go/sdk/internal v1.11.2/go.mod h1:XtLgD3ZD34DAaVIIAyG3objl5DynM3CQ/vMcbBNJZGI=
github.com/Azure/azure-sdk-for-go/sdk/keyvault/azsecrets v0.12.0 h1:xnO4sFyG8UH2fElBkcqLTOZsAajvKfnSlgBBW8dXYjw=
github.com/Azure/azure-sdk-for-go/sdk/keyvault/azsecrets v0.12.0/go.mod h1:XD3DIOOVgBCO03OleB1fHjgktVRFxlT++KwKgIOewdM=
github.com/Azure/azure-sdk-for-go/sdk/keyvault/internal v0.7.1 h1:FbH3BbSb4bvGluTesZZ+ttN/MDsnMmQP36OSnDuSXqw=
github.com/Azure/azure-sdk-for-go/sdk/keyvault/internal v0.7.1/go.mod h1:9V2j0jn9jDEkCkv8w/bKTNppX/d0FVA1ud77xCIP4KA=
github.com/AzureAD/microsoft-authentication-extensions-for-go/cache v0.1.1 h1:WJTmL004Abzc5wDB5VtZG2PJk5ndYDgVacGqfirKxjM=
github.com/AzureAD/microsoft-authentication-extensions-for-go/cache v0.1.1/go.mod h1:tCcJZ0uHAmvjsVYzEFivsRTN00oz5BEsRgQHu5JZ9WE=
github.com/AzureAD/microsoft-authentication-library-for-go v1.5.0 h1:XkkQbfMyuH2jTSjQjSoihryI8GINRcs4xp8lNawg0FI=
github.com/AzureAD/microsoft-authentication-library-for-go v1.5.0/go.mod h1:HKpQxkWaGLJ+D/5H8QRpyQXA1eKjxkFlOMwck5+33Jk=
github.com/aws/aws-sdk-go-v2 v1.39.1 h1:fWZhGAwVRK/fAN2tmt7ilH4PPAE11rDj7HytrmbZ2FE=
github.com/aws/aws-sdk-go-v2 v1.39.1/go.mod h1:sDioUELIUO9Znk23YVmIk86/9DOpkbyyVb1i/gUNFXY=
github.com/aws/aws-sdk-go-v2/config v1.31.10 h1:7LllDZAegXU3yk41mwM6KcPu0wmjKGQB1bg99bNdQm4=
github.com/aws/aws-sdk-go-v2/config v1.31.10/go.mod h1:Ge6gzXPjqu4v0oHvgAwvGzYcK921GU0hQM25WF/Kl+8=
github.com/aws/aws-sdk-go-v2/credentials v1.18.14 h1:TxkI7QI+sFkTItN/6cJuMZEIVMFXeu2dI1ZffkXngKI=
github.com/aws/aws-sdk-go-v2/credentials v1.18.14/go.mod h1:12x4Uw/vijC11XkctTjy92TNCQ+UnNJkT7fzX0Yd93E=
github.com/aws/aws-sdk-go-v2/feature/ec2/imds v1.18.8 h1:gLD09eaJUdiszm7vd1btiQUYE0Hj+0I2b8AS+75z9AY=
github.com/aws/aws-sdk-go-v2/feature/ec2/imds v1.18.8/go.mod h1:4RW3oMPt1POR74qVOC4SbubxAwdP4pCT0nSw3jycOU4=
github.com/aws/aws-sdk-go-v2/internal/configsources v1.4.8 h1:6bgAZgRyT4RoFWhxS+aoGMFyE0cD1bSzFnEEi4bFPGI=
github.com/aws/aws-sdk-go-v2/internal/configsources v1.4.8/go.mod h1:KcGkXFVU8U28qS4KvLEcPxytPZPBcRawaH2Pf/0jptE=
github.com/aws/aws-sdk-go-v2/internal/endpoints/v2 v2.7.8 h1:HhJYoES3zOz34yWEpGENqJvRVPqpmJyR3+AFg9ybhdY=
github.com/aws/aws-sdk-go-v2/internal/endpoints/v2 v2.7.8/go.mod h1:JnA+hPWeYAVbDssp83tv+ysAG8lTfLVXvSsyKg/7xNA=
github.com/aws/aws-sdk-go-v2/internal/ini v1.8.3 h1:bIqFDwgGXXN1Kpp99pDOdKMTTb5d2KyU5X/BZxjOkRo=
github.com/aws/aws-sdk-go-v2/internal/ini v1.8.3/go.mod h1:H5O/EsxDWyU+LP/V8i5sm8cxoZgc2fdNR9bxlOFrQTo=
github.com/aws/aws-sdk-go-v2/service/internal/accept-encoding v1.13.1 h1:oegbebPEMA/1Jny7kvwejowCaHz1FWZAQ94WXFNCyTM=
github.com/aws/aws-sdk-go-v2/service/internal/accept-encoding v1.13.1/go.mod h1:kemo5Myr9ac0U9JfSjMo9yHLtw+pECEHsFtJ9tqCEI8=
github.com/aws/aws-sdk-go-v2/service/internal/presigned-url v1.13.8 h1:M6JI2aGFEzYxsF6CXIuRBnkge9Wf9a2xU39rNeXgu10=
github.com/aws/aws-sdk-go-v2/service/internal/presigned-url v1.13.8/go.mod h1:Fw+MyTwlwjFsSTE31mH211Np+CUslml8mzc0AFEG09s=
github.com/aws/aws-sdk-go-v2/service/secretsmanager v1.39.5 h1:ssRo1z8FdFaoZc1AWz1R6/amdsxy56akVPql15/AYSs=
github.com/aws/aws-sdk-go-v2/service/secretsmanager v1.39.5/go.mod h1:ut4ISJEOb5t2M1DNfx1787tF3UJGlwF3Q97uEulV/lU=
github.com/aws/aws-sdk-go-v2/service/sso v1.29.4 h1:FTdEN9dtWPB0EOURNtDPmwGp6GGvMqRJCAihkSl/1No=
github.com/aws/aws-sdk-go-v2/service/sso v1.29.4/go.mod h1:mYubxV9Ff42fZH4kexj43gFPhgc/LyC7KqvUKt1watc=
github.com/aws/aws-sdk-go-v2/service/ssooidc v1.35.0 h1:I7ghctfGXrscr7r1Ga/mDqSJKm7Fkpl5Mwq79Z+rZqU=
github.com/aws/aws-sdk-go-v2/service/ssooidc v1.35.0/go.mod h1:Zo9id81XP6jbayIFWNuDpA6lMBWhsVy+3ou2jLa4JnA=
github.com/aws/aws-sdk-go-v2/service/sts v1.38.5 h1:+LVB0xBqEgjQoqr9bGZbRzvg212B0f17JdflleJRNR4=
github.com/aws/aws-sdk-go-v2/service/sts v1.38.5/go.mod h1:xoaxeqnnUaZjPjaICgIy5B+MHCSb/ZSOn4MvkFNOUA0=
github.com/aws/smithy-go v1.23.0 h1:8n6I3gXzWJB2DxBDnfxgBaSX6oe0d/t10qGz7OKqMCE=
github.com/aws/smithy-go v1.23.0/go.mod h1:t1ufH5HMublsJYulve2RKmHDC15xu1f26kHCp/HgceI=
github.com/davecgh/go-spew v1.1.1 h1:vj9j/u1bqnvCEfJOwUhtlOARqs3+rkHYY13jYWTU97c=
github.com/davecgh/go-spew v1.1.1/go.mod h1:J7Y8YcW2NihsgmVo/mv3lAwl/skON4iLHjSsI+c5H38=
github.com/golang-jwt/jwt/v5 v5.3.0 h1:pv4AsKCKKZuqlgs5sUmn4x8UlGa0kEVt/puTpKx9vvo=
github.com/golang-jwt/jwt/v5 v5.3.0/go.mod h1:fxCRLWMO43lRc8nhHWY6LGqRcf+1gQWArsqaEUEa5bE=
github.com/google/uuid v1.6.0 h1:NIvaJDMOsjHA8n1jAhLSgzrAzy1Hgr+hNrb57e+94F0=
github.com/google/uuid v1.6.0/go.mod h1:TIyPZe4MgqvfeYDBFedMoGGpEw/LqOeaOT+nhxU+yHo=
github.com/joho/godotenv v1.5.1 h1:7eLL/+HRGLY0ldzfGMeQkb7vMd0as4CfYvUVzLqw0N0=
github.com/joho/godotenv v1.5.1/go.mod h1:f4LDr5Voq0i2e/R5DDNOoa2zzDfwtkZa6DnEwAbqwq4=
github.com/keybase/go-keychain v0.0.1 h1:way+bWYa6lDppZoZcgMbYsvC7GxljxrskdNInRtuthU=
github.com/keybase/go-keychain v0.0.1/go.mod h1:PdEILRW3i9D8JcdM+FmY6RwkHGnhHxXwkPPMeUgOK1k=
github.com/kylelemons/godebug v1.1.0 h1:RPNrshWIDI6G2gRW9EHilWtl7Z6Sb1BR0xunSBf0SNc=
github.com/kylelemons/godebug v1.1.0/go.mod h1:9/0rRGxNHcop5bhtWyNeEfOS8JIWk580+fNqagV/RAw=
github.com/pkg/browser v0.0.0-20240102092130-5ac0b6a4141c h1:+mdjkGKdHQG3305AYmdv1U2eRNDiU2ErMBj1gwrq8eQ=
github.com/pkg/browser v0.0.0-20240102092130-5ac0b6a4141c/go.mod h1:7rwL4CYBLnjLxUqIJNnCWiEdr3bn6IUYi15bNlnbCCU=
github.com/pmezard/go-difflib v1.0.0 h1:4DBwDE0NGyQoBHbLQYPwSUPoCMWR5BEzIk/f1lZbAQM=
github.com/pmezard/go-difflib v1.0.0/go.mod h1:iKH77koFhYxTK1pcRnkKkqfTogsbg7gZNVY4sRDYZ/4=
github.com/stretchr/testify v1.11.1 h1:7s2iGBzp5EwR7/aIZr8ao5+dra3wiQyKjjFuvgVKu7U=
github.com/stretchr/testify v1.11.1/go.mod h1:wZwfW3scLgRK+23gO65QZefKpKQRnfz6sD981Nm4B6U=
golang.org/x/crypto v0.41.0 h1:WKYxWedPGCTVVl5+WHSSrOBT0O8lx32+zxmHxijgXp4=
golang.org/x/crypto v0.41.0/go.mod h1:pO5AFd7FA68rFak7rOAGVuygIISepHftHnr8dr6+sUc=
golang.org/x/net v0.43.0 h1:lat02VYK2j4aLzMzecihNvTlJNQUq316m2Mr9rnM6YE=
golang.org/x/net v0.43.0/go.mod h1:vhO1fvI4dGsIjh73sWfUVjj3N7CA9WkKJNQm2svM6Jg=
golang.org/x/sys v0.1.0/go.mod h1:oPkhp1MJrh7nUepCBck5+mAzfO9JrbApNNgaTdGDITg=
golang.org/x/sys v0.35.0 h1:vz1N37gP5bs89s7He8XuIYXpyY0+QlsKmzipCbUtyxI=
golang.org/x/sys v0.35.0/go.mod h1:BJP2sWEmIv4KK5OTEluFJCKSidICx8ciO85XgH3Ak8k=
golang.org/x/text v0.28.0 h1:rhazDwis8INMIwQ4tpjLDzUhx6RlXqZNPEM0huQojng=
golang.org/x/text v0.28.0/go.mod h1:U8nCwOR8jO/marOQ0QbDiOngZVEBB7MAiitBuMjXiNU=
gopkg.in/yaml.v3 v3.0.1 h1:fxVm/GzAzEWqLHuvctI91KS9hhNmmWOoWu0XTYJS7CA=
gopkg.in/yaml.v3 v3.0.1/go.mod h1:K4uyk7z7BCEPqu6E+C64Yfv1cQ7kz7rIZviUmN+EgEM=
